PODS:
  - FSCalendar (2.7.9)
  - SnapKit (4.0.0)
  - SQLite.swift (0.11.5):
    - SQLite.swift/standard (= 0.11.5)
  - SQLite.swift/standard (0.11.5)
  - SwiftDate (4.5.1)

DEPENDENCIES:
  - FSCalendar
  - SnapKit (~> 4.0.0)
  - SQLite.swift (~> 0.11.4)
  - SwiftDate

SPEC REPOS:
  https://github.com/cocoapods/specs.git:
    - FSCalendar
    - SnapKit
    - SQLite.swift
    - SwiftDate

SPEC CHECKSUMS:
  FSCalendar: a04b09f16f811bc92e82f3cf852a15225233b9d5
  SnapKit: a42d492c16e80209130a3379f73596c3454b7694
  SQLite.swift: 6e5356850bb1791459f8c16d6ee9195b28714a2e
  SwiftDate: 7b56d42a221f582047287deb256b23fc5ed49a60

PODFILE CHECKSUM: d01b01be6b94dcf9e0ac21d22a54c470538d6978

COCOAPODS: 1.5.3
