// !$*UTF8*$!
{
	archiveVersion = 1;
	classes = {
	};
	objectVersion = 48;
	objects = {

/* Begin PBXBuildFile section */
		0E6E8D0ED849220366996DDE /* Pods_TimeTests.framework in Frameworks */ = {isa = PBXBuildFile; fileRef = CD12A3C0FCDCDB97B4D08F75 /* Pods_TimeTests.framework */; };
		F38F40600054891B8DA3D82B /* Pods_Time.framework in Frameworks */ = {isa = PBXBuildFile; fileRef = 41FA554844419EBE27BA78C2 /* Pods_Time.framework */; };
		FF03FBE82072060700A341DF /* Date+Extension.swift in Sources */ = {isa = PBXBuildFile; fileRef = FF03FBE72072060700A341DF /* Date+Extension.swift */; };
		FF03FBEA20720E6100A341DF /* SQLiteManager.swift in Sources */ = {isa = PBXBuildFile; fileRef = FF03FBE920720E6100A341DF /* SQLiteManager.swift */; };
		FF0FB5E7206CD000000C2B61 /* AppDelegate.swift in Sources */ = {isa = PBXBuildFile; fileRef = FF0FB5E6206CD000000C2B61 /* AppDelegate.swift */; };
		FF0FB5E9206CD000000C2B61 /* ViewController.swift in Sources */ = {isa = PBXBuildFile; fileRef = FF0FB5E8206CD000000C2B61 /* ViewController.swift */; };
		FF0FB5EC206CD000000C2B61 /* Main.storyboard in Resources */ = {isa = PBXBuildFile; fileRef = FF0FB5EA206CD000000C2B61 /* Main.storyboard */; };
		FF0FB5EE206CD000000C2B61 /* Assets.xcassets in Resources */ = {isa = PBXBuildFile; fileRef = FF0FB5ED206CD000000C2B61 /* Assets.xcassets */; };
		FF0FB5F1206CD000000C2B61 /* LaunchScreen.storyboard in Resources */ = {isa = PBXBuildFile; fileRef = FF0FB5EF206CD000000C2B61 /* LaunchScreen.storyboard */; };
		FF0FB5FC206CD000000C2B61 /* TimeTests.swift in Sources */ = {isa = PBXBuildFile; fileRef = FF0FB5FB206CD000000C2B61 /* TimeTests.swift */; };
		FF0FB607206CD6F2000C2B61 /* ClockOffButton.swift in Sources */ = {isa = PBXBuildFile; fileRef = FF0FB606206CD6F2000C2B61 /* ClockOffButton.swift */; };
		FF30861F20E366AE004C04DC /* CalendarViewController.swift in Sources */ = {isa = PBXBuildFile; fileRef = FF30861D20E366AE004C04DC /* CalendarViewController.swift */; };
		FF30862020E366AE004C04DC /* CalendarViewController.xib in Resources */ = {isa = PBXBuildFile; fileRef = FF30861E20E366AE004C04DC /* CalendarViewController.xib */; };
		FF30862420E37D68004C04DC /* DatePickerView.swift in Sources */ = {isa = PBXBuildFile; fileRef = FF30862220E37D68004C04DC /* DatePickerView.swift */; };
		FF30862520E37D68004C04DC /* DatePickerView.xib in Resources */ = {isa = PBXBuildFile; fileRef = FF30862320E37D68004C04DC /* DatePickerView.xib */; };
		FF30862720E37D8E004C04DC /* UIKit+Extension.swift in Sources */ = {isa = PBXBuildFile; fileRef = FF30862620E37D8E004C04DC /* UIKit+Extension.swift */; };
		FF30862920E37DB2004C04DC /* UIColor+Extension.swift in Sources */ = {isa = PBXBuildFile; fileRef = FF30862820E37DB1004C04DC /* UIColor+Extension.swift */; };
		FF30862B20E38CE6004C04DC /* CustomFSCalendar.swift in Sources */ = {isa = PBXBuildFile; fileRef = FF30862A20E38CE6004C04DC /* CustomFSCalendar.swift */; };
		FFEACB7B20732CF30057C620 /* DateExtensionTests.swift in Sources */ = {isa = PBXBuildFile; fileRef = FFEACB7A20732CF30057C620 /* DateExtensionTests.swift */; };
		FFEACB7D207330C00057C620 /* SQliteManagertests.swift in Sources */ = {isa = PBXBuildFile; fileRef = FFEACB7C207330C00057C620 /* SQliteManagertests.swift */; };
/* End PBXBuildFile section */

/* Begin PBXContainerItemProxy section */
		FF0FB5F8206CD000000C2B61 /* PBXContainerItemProxy */ = {
			isa = PBXContainerItemProxy;
			containerPortal = FF0FB5DB206CCFFF000C2B61 /* Project object */;
			proxyType = 1;
			remoteGlobalIDString = FF0FB5E2206CCFFF000C2B61;
			remoteInfo = Time;
		};
/* End PBXContainerItemProxy section */

/* Begin PBXFileReference section */
		41FA554844419EBE27BA78C2 /* Pods_Time.framework */ = {isa = PBXFileReference; explicitFileType = wrapper.framework; includeInIndex = 0; path = Pods_Time.framework; sourceTree = BUILT_PRODUCTS_DIR; };
		76351E44D86E88E40BC5EB43 /* Pods-TimeTests.release.xcconfig */ = {isa = PBXFileReference; includeInIndex = 1; lastKnownFileType = text.xcconfig; name = "Pods-TimeTests.release.xcconfig"; path = "Pods/Target Support Files/Pods-TimeTests/Pods-TimeTests.release.xcconfig"; sourceTree = "<group>"; };
		9728E021B5E45CD1BAC3D920 /* Pods-Time.debug.xcconfig */ = {isa = PBXFileReference; includeInIndex = 1; lastKnownFileType = text.xcconfig; name = "Pods-Time.debug.xcconfig"; path = "Pods/Target Support Files/Pods-Time/Pods-Time.debug.xcconfig"; sourceTree = "<group>"; };
		A8D4D031C253B22E0CAA9F3D /* Pods-TimeTests.debug.xcconfig */ = {isa = PBXFileReference; includeInIndex = 1; lastKnownFileType = text.xcconfig; name = "Pods-TimeTests.debug.xcconfig"; path = "Pods/Target Support Files/Pods-TimeTests/Pods-TimeTests.debug.xcconfig"; sourceTree = "<group>"; };
		CD12A3C0FCDCDB97B4D08F75 /* Pods_TimeTests.framework */ = {isa = PBXFileReference; explicitFileType = wrapper.framework; includeInIndex = 0; path = Pods_TimeTests.framework; sourceTree = BUILT_PRODUCTS_DIR; };
		F1A10258E0790D88DD7D88EC /* Pods-Time.release.xcconfig */ = {isa = PBXFileReference; includeInIndex = 1; lastKnownFileType = text.xcconfig; name = "Pods-Time.release.xcconfig"; path = "Pods/Target Support Files/Pods-Time/Pods-Time.release.xcconfig"; sourceTree = "<group>"; };
		FF03FBE72072060700A341DF /* Date+Extension.swift */ = {isa = PBXFileReference; lastKnownFileType = sourcecode.swift; path = "Date+Extension.swift"; sourceTree = "<group>"; };
		FF03FBE920720E6100A341DF /* SQLiteManager.swift */ = {isa = PBXFileReference; lastKnownFileType = sourcecode.swift; path = SQLiteManager.swift; sourceTree = "<group>"; };
		FF0FB5E3206CD000000C2B61 /* Time.app */ = {isa = PBXFileReference; explicitFileType = wrapper.application; includeInIndex = 0; path = Time.app; sourceTree = BUILT_PRODUCTS_DIR; };
		FF0FB5E6206CD000000C2B61 /* AppDelegate.swift */ = {isa = PBXFileReference; lastKnownFileType = sourcecode.swift; path = AppDelegate.swift; sourceTree = "<group>"; };
		FF0FB5E8206CD000000C2B61 /* ViewController.swift */ = {isa = PBXFileReference; lastKnownFileType = sourcecode.swift; path = ViewController.swift; sourceTree = "<group>"; };
		FF0FB5EB206CD000000C2B61 /* Base */ = {isa = PBXFileReference; lastKnownFileType = file.storyboard; name = Base; path = Base.lproj/Main.storyboard; sourceTree = "<group>"; };
		FF0FB5ED206CD000000C2B61 /* Assets.xcassets */ = {isa = PBXFileReference; lastKnownFileType = folder.assetcatalog; path = Assets.xcassets; sourceTree = "<group>"; };
		FF0FB5F0206CD000000C2B61 /* Base */ = {isa = PBXFileReference; lastKnownFileType = file.storyboard; name = Base; path = Base.lproj/LaunchScreen.storyboard; sourceTree = "<group>"; };
		FF0FB5F2206CD000000C2B61 /* Info.plist */ = {isa = PBXFileReference; lastKnownFileType = text.plist.xml; path = Info.plist; sourceTree = "<group>"; };
		FF0FB5F7206CD000000C2B61 /* TimeTests.xctest */ = {isa = PBXFileReference; explicitFileType = wrapper.cfbundle; includeInIndex = 0; path = TimeTests.xctest; sourceTree = BUILT_PRODUCTS_DIR; };
		FF0FB5FB206CD000000C2B61 /* TimeTests.swift */ = {isa = PBXFileReference; lastKnownFileType = sourcecode.swift; path = TimeTests.swift; sourceTree = "<group>"; };
		FF0FB5FD206CD000000C2B61 /* Info.plist */ = {isa = PBXFileReference; lastKnownFileType = text.plist.xml; path = Info.plist; sourceTree = "<group>"; };
		FF0FB606206CD6F2000C2B61 /* ClockOffButton.swift */ = {isa = PBXFileReference; fileEncoding = 4; lastKnownFileType = sourcecode.swift; path = ClockOffButton.swift; sourceTree = "<group>"; };
		FF30861D20E366AE004C04DC /* CalendarViewController.swift */ = {isa = PBXFileReference; lastKnownFileType = sourcecode.swift; path = CalendarViewController.swift; sourceTree = "<group>"; };
		FF30861E20E366AE004C04DC /* CalendarViewController.xib */ = {isa = PBXFileReference; lastKnownFileType = file.xib; path = CalendarViewController.xib; sourceTree = "<group>"; };
		FF30862220E37D68004C04DC /* DatePickerView.swift */ = {isa = PBXFileReference; fileEncoding = 4; lastKnownFileType = sourcecode.swift; path = DatePickerView.swift; sourceTree = "<group>"; };
		FF30862320E37D68004C04DC /* DatePickerView.xib */ = {isa = PBXFileReference; fileEncoding = 4; lastKnownFileType = file.xib; path = DatePickerView.xib; sourceTree = "<group>"; };
		FF30862620E37D8E004C04DC /* UIKit+Extension.swift */ = {isa = PBXFileReference; fileEncoding = 4; lastKnownFileType = sourcecode.swift; path = "UIKit+Extension.swift"; sourceTree = "<group>"; };
		FF30862820E37DB1004C04DC /* UIColor+Extension.swift */ = {isa = PBXFileReference; fileEncoding = 4; lastKnownFileType = sourcecode.swift; path = "UIColor+Extension.swift"; sourceTree = "<group>"; };
		FF30862A20E38CE6004C04DC /* CustomFSCalendar.swift */ = {isa = PBXFileReference; lastKnownFileType = sourcecode.swift; path = CustomFSCalendar.swift; sourceTree = "<group>"; };
		FFEACB7A20732CF30057C620 /* DateExtensionTests.swift */ = {isa = PBXFileReference; lastKnownFileType = sourcecode.swift; path = DateExtensionTests.swift; sourceTree = "<group>"; };
		FFEACB7C207330C00057C620 /* SQliteManagertests.swift */ = {isa = PBXFileReference; lastKnownFileType = sourcecode.swift; path = SQliteManagertests.swift; sourceTree = "<group>"; };
/* End PBXFileReference section */

/* Begin PBXFrameworksBuildPhase section */
		FF0FB5E0206CCFFF000C2B61 /* Frameworks */ = {
			isa = PBXFrameworksBuildPhase;
			buildActionMask = 2147483647;
			files = (
				F38F40600054891B8DA3D82B /* Pods_Time.framework in Frameworks */,
			);
			runOnlyForDeploymentPostprocessing = 0;
		};
		FF0FB5F4206CD000000C2B61 /* Frameworks */ = {
			isa = PBXFrameworksBuildPhase;
			buildActionMask = 2147483647;
			files = (
				0E6E8D0ED849220366996DDE /* Pods_TimeTests.framework in Frameworks */,
			);
			runOnlyForDeploymentPostprocessing = 0;
		};
/* End PBXFrameworksBuildPhase section */

/* Begin PBXGroup section */
		5C260B2CEFECD2A880FF7AF9 /* Pods */ = {
			isa = PBXGroup;
			children = (
				9728E021B5E45CD1BAC3D920 /* Pods-Time.debug.xcconfig */,
				F1A10258E0790D88DD7D88EC /* Pods-Time.release.xcconfig */,
				A8D4D031C253B22E0CAA9F3D /* Pods-TimeTests.debug.xcconfig */,
				76351E44D86E88E40BC5EB43 /* Pods-TimeTests.release.xcconfig */,
			);
			name = Pods;
			sourceTree = "<group>";
		};
		62832B9429BECB2416D7BF74 /* Frameworks */ = {
			isa = PBXGroup;
			children = (
				41FA554844419EBE27BA78C2 /* Pods_Time.framework */,
				CD12A3C0FCDCDB97B4D08F75 /* Pods_TimeTests.framework */,
			);
			name = Frameworks;
			sourceTree = "<group>";
		};
		FF03FBE42071DA7500A341DF /* Extension */ = {
			isa = PBXGroup;
			children = (
				FF30862820E37DB1004C04DC /* UIColor+Extension.swift */,
				FF30862620E37D8E004C04DC /* UIKit+Extension.swift */,
				FF03FBE72072060700A341DF /* Date+Extension.swift */,
			);
			path = Extension;
			sourceTree = "<group>";
		};
		FF0FB5DA206CCFFF000C2B61 = {
			isa = PBXGroup;
			children = (
				FF0FB5E5206CD000000C2B61 /* Time */,
				FF0FB5FA206CD000000C2B61 /* TimeTests */,
				FF0FB5E4206CD000000C2B61 /* Products */,
				5C260B2CEFECD2A880FF7AF9 /* Pods */,
				62832B9429BECB2416D7BF74 /* Frameworks */,
			);
			sourceTree = "<group>";
		};
		FF0FB5E4206CD000000C2B61 /* Products */ = {
			isa = PBXGroup;
			children = (
				FF0FB5E3206CD000000C2B61 /* Time.app */,
				FF0FB5F7206CD000000C2B61 /* TimeTests.xctest */,
			);
			name = Products;
			sourceTree = "<group>";
		};
		FF0FB5E5206CD000000C2B61 /* Time */ = {
			isa = PBXGroup;
			children = (
				FF30862120E37D49004C04DC /* DatePickerView */,
				FF30861820E33D58004C04DC /* Calendar */,
				FF03FBE42071DA7500A341DF /* Extension */,
				FF0FB5E6206CD000000C2B61 /* AppDelegate.swift */,
				FF0FB606206CD6F2000C2B61 /* ClockOffButton.swift */,
				FF03FBE920720E6100A341DF /* SQLiteManager.swift */,
				FF0FB5E8206CD000000C2B61 /* ViewController.swift */,
				FF0FB5EA206CD000000C2B61 /* Main.storyboard */,
				FF0FB5ED206CD000000C2B61 /* Assets.xcassets */,
				FF0FB5EF206CD000000C2B61 /* LaunchScreen.storyboard */,
				FF0FB5F2206CD000000C2B61 /* Info.plist */,
			);
			path = Time;
			sourceTree = "<group>";
		};
		FF0FB5FA206CD000000C2B61 /* TimeTests */ = {
			isa = PBXGroup;
			children = (
				FF0FB5FB206CD000000C2B61 /* TimeTests.swift */,
				FF0FB5FD206CD000000C2B61 /* Info.plist */,
				FFEACB7A20732CF30057C620 /* DateExtensionTests.swift */,
				FFEACB7C207330C00057C620 /* SQliteManagertests.swift */,
			);
			path = TimeTests;
			sourceTree = "<group>";
		};
		FF30861820E33D58004C04DC /* Calendar */ = {
			isa = PBXGroup;
			children = (
				FF30861D20E366AE004C04DC /* CalendarViewController.swift */,
				FF30861E20E366AE004C04DC /* CalendarViewController.xib */,
				FF30862A20E38CE6004C04DC /* CustomFSCalendar.swift */,
			);
			path = Calendar;
			sourceTree = "<group>";
		};
		FF30862120E37D49004C04DC /* DatePickerView */ = {
			isa = PBXGroup;
			children = (
				FF30862220E37D68004C04DC /* DatePickerView.swift */,
				FF30862320E37D68004C04DC /* DatePickerView.xib */,
			);
			path = DatePickerView;
			sourceTree = "<group>";
		};
/* End PBXGroup section */

/* Begin PBXNativeTarget section */
		FF0FB5E2206CCFFF000C2B61 /* Time */ = {
			isa = PBXNativeTarget;
			buildConfigurationList = FF0FB600206CD000000C2B61 /* Build configuration list for PBXNativeTarget "Time" */;
			buildPhases = (
				A272D0CDA9C14DC88622E6AF /* [CP] Check Pods Manifest.lock */,
				FF0FB5DF206CCFFF000C2B61 /* Sources */,
				FF0FB5E0206CCFFF000C2B61 /* Frameworks */,
				FF0FB5E1206CCFFF000C2B61 /* Resources */,
				E997D1C449CE53FD08DCCBA1 /* [CP] Embed Pods Frameworks */,
			);
			buildRules = (
			);
			dependencies = (
			);
			name = Time;
			productName = Time;
			productReference = FF0FB5E3206CD000000C2B61 /* Time.app */;
			productType = "com.apple.product-type.application";
		};
		FF0FB5F6206CD000000C2B61 /* TimeTests */ = {
			isa = PBXNativeTarget;
			buildConfigurationList = FF0FB603206CD000000C2B61 /* Build configuration list for PBXNativeTarget "TimeTests" */;
			buildPhases = (
				016F4EC74DBAF93009AAE9D6 /* [CP] Check Pods Manifest.lock */,
				FF0FB5F3206CD000000C2B61 /* Sources */,
				FF0FB5F4206CD000000C2B61 /* Frameworks */,
				FF0FB5F5206CD000000C2B61 /* Resources */,
			);
			buildRules = (
			);
			dependencies = (
				FF0FB5F9206CD000000C2B61 /* PBXTargetDependency */,
			);
			name = TimeTests;
			productName = TimeTests;
			productReference = FF0FB5F7206CD000000C2B61 /* TimeTests.xctest */;
			productType = "com.apple.product-type.bundle.unit-test";
		};
/* End PBXNativeTarget section */

/* Begin PBXProject section */
		FF0FB5DB206CCFFF000C2B61 /* Project object */ = {
			isa = PBXProject;
			attributes = {
				LastSwiftUpdateCheck = 0920;
				LastUpgradeCheck = 0920;
				ORGANIZATIONNAME = yaoxp;
				TargetAttributes = {
					FF0FB5E2206CCFFF000C2B61 = {
						CreatedOnToolsVersion = 9.2;
						ProvisioningStyle = Automatic;
					};
					FF0FB5F6206CD000000C2B61 = {
						CreatedOnToolsVersion = 9.2;
						ProvisioningStyle = Automatic;
						TestTargetID = FF0FB5E2206CCFFF000C2B61;
					};
				};
			};
			buildConfigurationList = FF0FB5DE206CCFFF000C2B61 /* Build configuration list for PBXProject "Time" */;
			compatibilityVersion = "Xcode 8.0";
			developmentRegion = en;
			hasScannedForEncodings = 0;
			knownRegions = (
				en,
				Base,
			);
			mainGroup = FF0FB5DA206CCFFF000C2B61;
			productRefGroup = FF0FB5E4206CD000000C2B61 /* Products */;
			projectDirPath = "";
			projectRoot = "";
			targets = (
				FF0FB5E2206CCFFF000C2B61 /* Time */,
				FF0FB5F6206CD000000C2B61 /* TimeTests */,
			);
		};
/* End PBXProject section */

/* Begin PBXResourcesBuildPhase section */
		FF0FB5E1206CCFFF000C2B61 /* Resources */ = {
			isa = PBXResourcesBuildPhase;
			buildActionMask = 2147483647;
			files = (
				FF30862020E366AE004C04DC /* CalendarViewController.xib in Resources */,
				FF0FB5F1206CD000000C2B61 /* LaunchScreen.storyboard in Resources */,
				FF0FB5EE206CD000000C2B61 /* Assets.xcassets in Resources */,
				FF30862520E37D68004C04DC /* DatePickerView.xib in Resources */,
				FF0FB5EC206CD000000C2B61 /* Main.storyboard in Resources */,
			);
			runOnlyForDeploymentPostprocessing = 0;
		};
		FF0FB5F5206CD000000C2B61 /* Resources */ = {
			isa = PBXResourcesBuildPhase;
			buildActionMask = 2147483647;
			files = (
			);
			runOnlyForDeploymentPostprocessing = 0;
		};
/* End PBXResourcesBuildPhase section */

/* Begin PBXShellScriptBuildPhase section */
		016F4EC74DBAF93009AAE9D6 /* [CP] Check Pods Manifest.lock */ = {
			isa = PBXShellScriptBuildPhase;
			buildActionMask = 2147483647;
			files = (
			);
			inputPaths = (
				"${PODS_PODFILE_DIR_PATH}/Podfile.lock",
				"${PODS_ROOT}/Manifest.lock",
			);
			name = "[CP] Check Pods Manifest.lock";
			outputPaths = (
				"$(DERIVED_FILE_DIR)/Pods-TimeTests-checkManifestLockResult.txt",
			);
			runOnlyForDeploymentPostprocessing = 0;
			shellPath = /bin/sh;
			shellScript = "diff \"${PODS_PODFILE_DIR_PATH}/Podfile.lock\" \"${PODS_ROOT}/Manifest.lock\" > /dev/null\nif [ $? != 0 ] ; then\n    # print error to STDERR\n    echo \"error: The sandbox is not in sync with the Podfile.lock. Run 'pod install' or update your CocoaPods installation.\" >&2\n    exit 1\nfi\n# This output is used by Xcode 'outputs' to avoid re-running this script phase.\necho \"SUCCESS\" > \"${SCRIPT_OUTPUT_FILE_0}\"\n";
			showEnvVarsInLog = 0;
		};
		A272D0CDA9C14DC88622E6AF /* [CP] Check Pods Manifest.lock */ = {
			isa = PBXShellScriptBuildPhase;
			buildActionMask = 2147483647;
			files = (
			);
			inputPaths = (
				"${PODS_PODFILE_DIR_PATH}/Podfile.lock",
				"${PODS_ROOT}/Manifest.lock",
			);
			name = "[CP] Check Pods Manifest.lock";
			outputPaths = (
				"$(DERIVED_FILE_DIR)/Pods-Time-checkManifestLockResult.txt",
			);
			runOnlyForDeploymentPostprocessing = 0;
			shellPath = /bin/sh;
			shellScript = "diff \"${PODS_PODFILE_DIR_PATH}/Podfile.lock\" \"${PODS_ROOT}/Manifest.lock\" > /dev/null\nif [ $? != 0 ] ; then\n    # print error to STDERR\n    echo \"error: The sandbox is not in sync with the Podfile.lock. Run 'pod install' or update your CocoaPods installation.\" >&2\n    exit 1\nfi\n# This output is used by Xcode 'outputs' to avoid re-running this script phase.\necho \"SUCCESS\" > \"${SCRIPT_OUTPUT_FILE_0}\"\n";
			showEnvVarsInLog = 0;
		};
		E997D1C449CE53FD08DCCBA1 /* [CP] Embed Pods Frameworks */ = {
			isa = PBXShellScriptBuildPhase;
			buildActionMask = 2147483647;
			files = (
			);
			inputPaths = (
				"${SRCROOT}/Pods/Target Support Files/Pods-Time/Pods-Time-frameworks.sh",
				"${BUILT_PRODUCTS_DIR}/FSCalendar/FSCalendar.framework",
				"${BUILT_PRODUCTS_DIR}/SQLite.swift/SQLite.framework",
				"${BUILT_PRODUCTS_DIR}/SnapKit/SnapKit.framework",
			);
			name = "[CP] Embed Pods Frameworks";
			outputPaths = (
				"${TARGET_BUILD_DIR}/${FRAMEWORKS_FOLDER_PATH}/FSCalendar.framework",
				"${TARGET_BUILD_DIR}/${FRAMEWORKS_FOLDER_PATH}/SQLite.framework",
				"${TARGET_BUILD_DIR}/${FRAMEWORKS_FOLDER_PATH}/SnapKit.framework",
			);
			runOnlyForDeploymentPostprocessing = 0;
			shellPath = /bin/sh;
			shellScript = "\"${SRCROOT}/Pods/Target Support Files/Pods-Time/Pods-Time-frameworks.sh\"\n";
			showEnvVarsInLog = 0;
		};
/* End PBXShellScriptBuildPhase section */

/* Begin PBXSourcesBuildPhase section */
		FF0FB5DF206CCFFF000C2B61 /* Sources */ = {
			isa = PBXSourcesBuildPhase;
			buildActionMask = 2147483647;
			files = (
				FF30861F20E366AE004C04DC /* CalendarViewController.swift in Sources */,
				FF03FBE82072060700A341DF /* Date+Extension.swift in Sources */,
				FF0FB607206CD6F2000C2B61 /* ClockOffButton.swift in Sources */,
				FF30862920E37DB2004C04DC /* UIColor+Extension.swift in Sources */,
				FF03FBEA20720E6100A341DF /* SQLiteManager.swift in Sources */,
				FF30862B20E38CE6004C04DC /* CustomFSCalendar.swift in Sources */,
				FF30862420E37D68004C04DC /* DatePickerView.swift in Sources */,
				FF0FB5E9206CD000000C2B61 /* ViewController.swift in Sources */,
				FF30862720E37D8E004C04DC /* UIKit+Extension.swift in Sources */,
				FF0FB5E7206CD000000C2B61 /* AppDelegate.swift in Sources */,
			);
			runOnlyForDeploymentPostprocessing = 0;
		};
		FF0FB5F3206CD000000C2B61 /* Sources */ = {
			isa = PBXSourcesBuildPhase;
			buildActionMask = 2147483647;
			files = (
				FFEACB7D207330C00057C620 /* SQliteManagertests.swift in Sources */,
				FF0FB5FC206CD000000C2B61 /* TimeTests.swift in Sources */,
				FFEACB7B20732CF30057C620 /* DateExtensionTests.swift in Sources */,
			);
			runOnlyForDeploymentPostprocessing = 0;
		};
/* End PBXSourcesBuildPhase section */

/* Begin PBXTargetDependency section */
		FF0FB5F9206CD000000C2B61 /* PBXTargetDependency */ = {
			isa = PBXTargetDependency;
			target = FF0FB5E2206CCFFF000C2B61 /* Time */;
			targetProxy = FF0FB5F8206CD000000C2B61 /* PBXContainerItemProxy */;
		};
/* End PBXTargetDependency section */

/* Begin PBXVariantGroup section */
		FF0FB5EA206CD000000C2B61 /* Main.storyboard */ = {
			isa = PBXVariantGroup;
			children = (
				FF0FB5EB206CD000000C2B61 /* Base */,
			);
			name = Main.storyboard;
			sourceTree = "<group>";
		};
		FF0FB5EF206CD000000C2B61 /* LaunchScreen.storyboard */ = {
			isa = PBXVariantGroup;
			children = (
				FF0FB5F0206CD000000C2B61 /* Base */,
			);
			name = LaunchScreen.storyboard;
			sourceTree = "<group>";
		};
/* End PBXVariantGroup section */

/* Begin XCBuildConfiguration section */
		FF0FB5FE206CD000000C2B61 /* Debug */ = {
			isa = XCBuildConfiguration;
			buildSettings = {
				ALWAYS_SEARCH_USER_PATHS = NO;
				CLANG_ANALYZER_NONNULL = YES;
				CLANG_ANALYZER_NUMBER_OBJECT_CONVERSION = YES_AGGRESSIVE;
				CLANG_CXX_LANGUAGE_STANDARD = "gnu++14";
				CLANG_CXX_LIBRARY = "libc++";
				CLANG_ENABLE_MODULES = YES;
				CLANG_ENABLE_OBJC_ARC = YES;
				CLANG_WARN_BLOCK_CAPTURE_AUTORELEASING = YES;
				CLANG_WARN_BOOL_CONVERSION = YES;
				CLANG_WARN_COMMA = YES;
				CLANG_WARN_CONSTANT_CONVERSION = YES;
				CLANG_WARN_DIRECT_OBJC_ISA_USAGE = YES_ERROR;
				CLANG_WARN_DOCUMENTATION_COMMENTS = YES;
				CLANG_WARN_EMPTY_BODY = YES;
				CLANG_WARN_ENUM_CONVERSION = YES;
				CLANG_WARN_INFINITE_RECURSION = YES;
				CLANG_WARN_INT_CONVERSION = YES;
				CLANG_WARN_NON_LITERAL_NULL_CONVERSION = YES;
				CLANG_WARN_OBJC_LITERAL_CONVERSION = YES;
				CLANG_WARN_OBJC_ROOT_CLASS = YES_ERROR;
				CLANG_WARN_RANGE_LOOP_ANALYSIS = YES;
				CLANG_WARN_STRICT_PROTOTYPES = YES;
				CLANG_WARN_SUSPICIOUS_MOVE = YES;
				CLANG_WARN_UNGUARDED_AVAILABILITY = YES_AGGRESSIVE;
				CLANG_WARN_UNREACHABLE_CODE = YES;
				CLANG_WARN__DUPLICATE_METHOD_MATCH = YES;
				CODE_SIGN_IDENTITY = "iPhone Developer";
				COPY_PHASE_STRIP = NO;
				DEBUG_INFORMATION_FORMAT = dwarf;
				ENABLE_STRICT_OBJC_MSGSEND = YES;
				ENABLE_TESTABILITY = YES;
				GCC_C_LANGUAGE_STANDARD = gnu11;
				GCC_DYNAMIC_NO_PIC = NO;
				GCC_NO_COMMON_BLOCKS = YES;
				GCC_OPTIMIZATION_LEVEL = 0;
				GCC_PREPROCESSOR_DEFINITIONS = (
					"DEBUG=1",
					"$(inherited)",
				);
				GCC_WARN_64_TO_32_BIT_CONVERSION = YES;
				GCC_WARN_ABOUT_RETURN_TYPE = YES_ERROR;
				GCC_WARN_UNDECLARED_SELECTOR = YES;
				GCC_WARN_UNINITIALIZED_AUTOS = YES_AGGRESSIVE;
				GCC_WARN_UNUSED_FUNCTION = YES;
				GCC_WARN_UNUSED_VARIABLE = YES;
				IPHONEOS_DEPLOYMENT_TARGET = 11.2;
				MTL_ENABLE_DEBUG_INFO = YES;
				ONLY_ACTIVE_ARCH = YES;
				SDKROOT = iphoneos;
				SWIFT_ACTIVE_COMPILATION_CONDITIONS = DEBUG;
				SWIFT_OPTIMIZATION_LEVEL = "-Onone";
			};
			name = Debug;
		};
		FF0FB5FF206CD000000C2B61 /* Release */ = {
			isa = XCBuildConfiguration;
			buildSettings = {
				ALWAYS_SEARCH_USER_PATHS = NO;
				CLANG_ANALYZER_NONNULL = YES;
				CLANG_ANALYZER_NUMBER_OBJECT_CONVERSION = YES_AGGRESSIVE;
				CLANG_CXX_LANGUAGE_STANDARD = "gnu++14";
				CLANG_CXX_LIBRARY = "libc++";
				CLANG_ENABLE_MODULES = YES;
				CLANG_ENABLE_OBJC_ARC = YES;
				CLANG_WARN_BLOCK_CAPTURE_AUTORELEASING = YES;
				CLANG_WARN_BOOL_CONVERSION = YES;
				CLANG_WARN_COMMA = YES;
				CLANG_WARN_CONSTANT_CONVERSION = YES;
				CLANG_WARN_DIRECT_OBJC_ISA_USAGE = YES_ERROR;
				CLANG_WARN_DOCUMENTATION_COMMENTS = YES;
				CLANG_WARN_EMPTY_BODY = YES;
				CLANG_WARN_ENUM_CONVERSION = YES;
				CLANG_WARN_INFINITE_RECURSION = YES;
				CLANG_WARN_INT_CONVERSION = YES;
				CLANG_WARN_NON_LITERAL_NULL_CONVERSION = YES;
				CLANG_WARN_OBJC_LITERAL_CONVERSION = YES;
				CLANG_WARN_OBJC_ROOT_CLASS = YES_ERROR;
				CLANG_WARN_RANGE_LOOP_ANALYSIS = YES;
				CLANG_WARN_STRICT_PROTOTYPES = YES;
				CLANG_WARN_SUSPICIOUS_MOVE = YES;
				CLANG_WARN_UNGUARDED_AVAILABILITY = YES_AGGRESSIVE;
				CLANG_WARN_UNREACHABLE_CODE = YES;
				CLANG_WARN__DUPLICATE_METHOD_MATCH = YES;
				CODE_SIGN_IDENTITY = "iPhone Developer";
				COPY_PHASE_STRIP = NO;
				DEBUG_INFORMATION_FORMAT = "dwarf-with-dsym";
				ENABLE_NS_ASSERTIONS = NO;
				ENABLE_STRICT_OBJC_MSGSEND = YES;
				GCC_C_LANGUAGE_STANDARD = gnu11;
				GCC_NO_COMMON_BLOCKS = YES;
				GCC_WARN_64_TO_32_BIT_CONVERSION = YES;
				GCC_WARN_ABOUT_RETURN_TYPE = YES_ERROR;
				GCC_WARN_UNDECLARED_SELECTOR = YES;
				GCC_WARN_UNINITIALIZED_AUTOS = YES_AGGRESSIVE;
				GCC_WARN_UNUSED_FUNCTION = YES;
				GCC_WARN_UNUSED_VARIABLE = YES;
				IPHONEOS_DEPLOYMENT_TARGET = 11.2;
				MTL_ENABLE_DEBUG_INFO = NO;
				SDKROOT = iphoneos;
				SWIFT_OPTIMIZATION_LEVEL = "-Owholemodule";
				VALIDATE_PRODUCT = YES;
			};
			name = Release;
		};
		FF0FB601206CD000000C2B61 /* Debug */ = {
			isa = XCBuildConfiguration;
			baseConfigurationReference = 9728E021B5E45CD1BAC3D920 /* Pods-Time.debug.xcconfig */;
			buildSettings = {
				ASSETCATALOG_COMPILER_APPICON_NAME = AppIcon;
				CODE_SIGN_STYLE = Automatic;
				DEVELOPMENT_TEAM = QSH988Q3LB;
				INFOPLIST_FILE = Time/Info.plist;
				IPHONEOS_DEPLOYMENT_TARGET = 11.0;
				LD_RUNPATH_SEARCH_PATHS = "$(inherited) @executable_path/Frameworks";
				PRODUCT_BUNDLE_IDENTIFIER = yaoxp.Time;
				PRODUCT_NAME = "$(TARGET_NAME)";
				SWIFT_VERSION = 4.0;
				TARGETED_DEVICE_FAMILY = "1,2";
			};
			name = Debug;
		};
		FF0FB602206CD000000C2B61 /* Release */ = {
			isa = XCBuildConfiguration;
			baseConfigurationReference = F1A10258E0790D88DD7D88EC /* Pods-Time.release.xcconfig */;
			buildSettings = {
				ASSETCATALOG_COMPILER_APPICON_NAME = AppIcon;
				CODE_SIGN_STYLE = Automatic;
				DEVELOPMENT_TEAM = QSH988Q3LB;
				INFOPLIST_FILE = Time/Info.plist;
				IPHONEOS_DEPLOYMENT_TARGET = 11.0;
				LD_RUNPATH_SEARCH_PATHS = "$(inherited) @executable_path/Frameworks";
				PRODUCT_BUNDLE_IDENTIFIER = yaoxp.Time;
				PRODUCT_NAME = "$(TARGET_NAME)";
				SWIFT_VERSION = 4.0;
				TARGETED_DEVICE_FAMILY = "1,2";
			};
			name = Release;
		};
		FF0FB604206CD000000C2B61 /* Debug */ = {
			isa = XCBuildConfiguration;
			baseConfigurationReference = A8D4D031C253B22E0CAA9F3D /* Pods-TimeTests.debug.xcconfig */;
			buildSettings = {
				ALWAYS_EMBED_SWIFT_STANDARD_LIBRARIES = YES;
				BUNDLE_LOADER = "$(TEST_HOST)";
				CODE_SIGN_STYLE = Automatic;
				DEVELOPMENT_TEAM = QSH988Q3LB;
				INFOPLIST_FILE = TimeTests/Info.plist;
				LD_RUNPATH_SEARCH_PATHS = "$(inherited) @executable_path/Frameworks @loader_path/Frameworks";
				PRODUCT_BUNDLE_IDENTIFIER = yaoxp.TimeTests;
				PRODUCT_NAME = "$(TARGET_NAME)";
				SWIFT_VERSION = 4.0;
				TARGETED_DEVICE_FAMILY = "1,2";
				TEST_HOST = "$(BUILT_PRODUCTS_DIR)/Time.app/Time";
			};
			name = Debug;
		};
		FF0FB605206CD000000C2B61 /* Release */ = {
			isa = XCBuildConfiguration;
			baseConfigurationReference = 76351E44D86E88E40BC5EB43 /* Pods-TimeTests.release.xcconfig */;
			buildSettings = {
				ALWAYS_EMBED_SWIFT_STANDARD_LIBRARIES = YES;
				BUNDLE_LOADER = "$(TEST_HOST)";
				CODE_SIGN_STYLE = Automatic;
				DEVELOPMENT_TEAM = QSH988Q3LB;
				INFOPLIST_FILE = TimeTests/Info.plist;
				LD_RUNPATH_SEARCH_PATHS = "$(inherited) @executable_path/Frameworks @loader_path/Frameworks";
				PRODUCT_BUNDLE_IDENTIFIER = yaoxp.TimeTests;
				PRODUCT_NAME = "$(TARGET_NAME)";
				SWIFT_VERSION = 4.0;
				TARGETED_DEVICE_FAMILY = "1,2";
				TEST_HOST = "$(BUILT_PRODUCTS_DIR)/Time.app/Time";
			};
			name = Release;
		};
/* End XCBuildConfiguration section */

/* Begin XCConfigurationList section */
		FF0FB5DE206CCFFF000C2B61 /* Build configuration list for PBXProject "Time" */ = {
			isa = XCConfigurationList;
			buildConfigurations = (
				FF0FB5FE206CD000000C2B61 /* Debug */,
				FF0FB5FF206CD000000C2B61 /* Release */,
			);
			defaultConfigurationIsVisible = 0;
			defaultConfigurationName = Release;
		};
		FF0FB600206CD000000C2B61 /* Build configuration list for PBXNativeTarget "Time" */ = {
			isa = XCConfigurationList;
			buildConfigurations = (
				FF0FB601206CD000000C2B61 /* Debug */,
				FF0FB602206CD000000C2B61 /* Release */,
			);
			defaultConfigurationIsVisible = 0;
			defaultConfigurationName = Release;
		};
		FF0FB603206CD000000C2B61 /* Build configuration list for PBXNativeTarget "TimeTests" */ = {
			isa = XCConfigurationList;
			buildConfigurations = (
				FF0FB604206CD000000C2B61 /* Debug */,
				FF0FB605206CD000000C2B61 /* Release */,
			);
			defaultConfigurationIsVisible = 0;
			defaultConfigurationName = Release;
		};
/* End XCConfigurationList section */
	};
	rootObject = FF0FB5DB206CCFFF000C2B61 /* Project object */;
}
